
Microsoft Visual Studio Solution File, Format Version 12.00
# Visual Studio Version 17
VisualStudioVersion = 17.10.34928.147
MinimumVisualStudioVersion = 10.0.40219.1
Project("{FAE04EC0-301F-11D3-BF4B-00C04F79EFBC}") = "LibrarySystem", "LibrarySystem\LibrarySystem.csproj", "{906A9383-B314-4C04-9D47-E55F1499B7A3}"
EndProject
Global
	GlobalSection(SolutionConfigurationPlatforms) = preSolution
		Debug|Any CPU = Debug|Any CPU
		Release|Any CPU = Release|Any CPU
	EndGlobalSection
	GlobalSection(ProjectConfigurationPlatforms) = postSolution
		{906A9383-B314-4C04-9D47-E55F1499B7A3}.Debug|Any CPU.ActiveCfg = Debug|Any CPU
		{906A9383-B314-4C04-9D47-E55F1499B7A3}.Debug|Any CPU.Build.0 = Debug|Any CPU
		{906A9383-B314-4C04-9D47-E55F1499B7A3}.Release|Any CPU.ActiveCfg = Release|Any CPU
		{906A9383-B314-4C04-9D47-E55F1499B7A3}.Release|Any CPU.Build.0 = Release|Any CPU
	EndGlobalSection
	GlobalSection(SolutionProperties) = preSolution
		HideSolutionNode = FALSE
	EndGlobalSection
	GlobalSection(ExtensibilityGlobals) = postSolution
		SolutionGuid = {D718F705-5656-427A-A871-257CFFC85129}
	EndGlobalSection
EndGlobal
